// !$*UTF8*$!
{
	archiveVersion = 1;
	classes = {
	};
	objectVersion = 50;
	objects = {

/* Begin PBXBuildFile section */
		390F4ACB21A7CF2600CDA2B9 /* AppDelegate.swift in Sources */ = {isa = PBXBuildFile; fileRef = 390F4ACA21A7CF2600CDA2B9 /* AppDelegate.swift */; };
		390F4ACD21A7CF2600CDA2B9 /* ViewController.swift in Sources */ = {isa = PBXBuildFile; fileRef = 390F4ACC21A7CF2600CDA2B9 /* ViewController.swift */; };
		390F4AD021A7CF2600CDA2B9 /* Main.storyboard in Resources */ = {isa = PBXBuildFile; fileRef = 390F4ACE21A7CF2600CDA2B9 /* Main.storyboard */; };
		390F4AD221A7CF2800CDA2B9 /* Assets.xcassets in Resources */ = {isa = PBXBuildFile; fileRef = 390F4AD121A7CF2800CDA2B9 /* Assets.xcassets */; };
		390F4AD521A7CF2800CDA2B9 /* LaunchScreen.storyboard in Resources */ = {isa = PBXBuildFile; fileRef = 390F4AD321A7CF2800CDA2B9 /* LaunchScreen.storyboard */; };
		390F4AE021A7CF2800CDA2B9 /* solder_iosTests.swift in Sources */ = {isa = PBXBuildFile; fileRef = 390F4ADF21A7CF2800CDA2B9 /* solder_iosTests.swift */; };
		390F4AEB21A7CF2800CDA2B9 /* solder_iosUITests.swift in Sources */ = {isa = PBXBuildFile; fileRef = 390F4AEA21A7CF2800CDA2B9 /* solder_iosUITests.swift */; };
/* End PBXBuildFile section */

/* Begin PBXContainerItemProxy section */
		390F4ADC21A7CF2800CDA2B9 /* PBXContainerItemProxy */ = {
			isa = PBXContainerItemProxy;
			containerPortal = 390F4ABF21A7CF2600CDA2B9 /* Project object */;
			proxyType = 1;
			remoteGlobalIDString = 390F4AC621A7CF2600CDA2B9;
			remoteInfo = solder_ios;
		};
		390F4AE721A7CF2800CDA2B9 /* PBXContainerItemProxy */ = {
			isa = PBXContainerItemProxy;
			containerPortal = 390F4ABF21A7CF2600CDA2B9 /* Project object */;
			proxyType = 1;
			remoteGlobalIDString = 390F4AC621A7CF2600CDA2B9;
			remoteInfo = solder_ios;
		};
/* End PBXContainerItemProxy section */

/* Begin PBXFileReference section */
		390F4AC721A7CF2600CDA2B9 /* solder_ios.app */ = {isa = PBXFileReference; explicitFileType = wrapper.application; includeInIndex = 0; path = solder_ios.app; sourceTree = BUILT_PRODUCTS_DIR; };
		390F4ACA21A7CF2600CDA2B9 /* AppDelegate.swift */ = {isa = PBXFileReference; lastKnownFileType = sourcecode.swift; path = AppDelegate.swift; sourceTree = "<group>"; };
		390F4ACC21A7CF2600CDA2B9 /* ViewController.swift */ = {isa = PBXFileReference; lastKnownFileType = sourcecode.swift; path = ViewController.swift; sourceTree = "<group>"; };
		390F4ACF21A7CF2600CDA2B9 /* Base */ = {isa = PBXFileReference; lastKnownFileType = file.storyboard; name = Base; path = Base.lproj/Main.storyboard; sourceTree = "<group>"; };
		390F4AD121A7CF2800CDA2B9 /* Assets.xcassets */ = {isa = PBXFileReference; lastKnownFileType = folder.assetcatalog; path = Assets.xcassets; sourceTree = "<group>"; };
		390F4AD421A7CF2800CDA2B9 /* Base */ = {isa = PBXFileReference; lastKnownFileType = file.storyboard; name = Base; path = Base.lproj/LaunchScreen.storyboard; sourceTree = "<group>"; };
		390F4AD621A7CF2800CDA2B9 /* Info.plist */ = {isa = PBXFileReference; lastKnownFileType = text.plist.xml; path = Info.plist; sourceTree = "<group>"; };
		390F4ADB21A7CF2800CDA2B9 /* solder_iosTests.xctest */ = {isa = PBXFileReference; explicitFileType = wrapper.cfbundle; includeInIndex = 0; path = solder_iosTests.xctest; sourceTree = BUILT_PRODUCTS_DIR; };
		390F4ADF21A7CF2800CDA2B9 /* solder_iosTests.swift */ = {isa = PBXFileReference; lastKnownFileType = sourcecode.swift; path = solder_iosTests.swift; sourceTree = "<group>"; };
		390F4AE121A7CF2800CDA2B9 /* Info.plist */ = {isa = PBXFileReference; lastKnownFileType = text.plist.xml; path = Info.plist; sourceTree = "<group>"; };
		390F4AE621A7CF2800CDA2B9 /* solder_iosUITests.xctest */ = {isa = PBXFileReference; explicitFileType = wrapper.cfbundle; includeInIndex = 0; path = solder_iosUITests.xctest; sourceTree = BUILT_PRODUCTS_DIR; };
		390F4AEA21A7CF2800CDA2B9 /* solder_iosUITests.swift */ = {isa = PBXFileReference; lastKnownFileType = sourcecode.swift; path = solder_iosUITests.swift; sourceTree = "<group>"; };
		390F4AEC21A7CF2800CDA2B9 /* Info.plist */ = {isa = PBXFileReference; lastKnownFileType = text.plist.xml; path = Info.plist; sourceTree = "<group>"; };
/* End PBXFileReference section */

/* Begin PBXFrameworksBuildPhase section */
		390F4AC421A7CF2600CDA2B9 /* Frameworks */ = {
			isa = PBXFrameworksBuildPhase;
			buildActionMask = 2147483647;
			files = (
			);
			runOnlyForDeploymentPostprocessing = 0;
		};
		390F4AD821A7CF2800CDA2B9 /* Frameworks */ = {
			isa = PBXFrameworksBuildPhase;
			buildActionMask = 2147483647;
			files = (
			);
			runOnlyForDeploymentPostprocessing = 0;
		};
		390F4AE321A7CF2800CDA2B9 /* Frameworks */ = {
			isa = PBXFrameworksBuildPhase;
			buildActionMask = 2147483647;
			files = (
			);
			runOnlyForDeploymentPostprocessing = 0;
		};
/* End PBXFrameworksBuildPhase section */

/* Begin PBXGroup section */
		390F4ABE21A7CF2600CDA2B9 = {
			isa = PBXGroup;
			children = (
				390F4AC921A7CF2600CDA2B9 /* solder_ios */,
				390F4ADE21A7CF2800CDA2B9 /* solder_iosTests */,
				390F4AE921A7CF2800CDA2B9 /* solder_iosUITests */,
				390F4AC821A7CF2600CDA2B9 /* Products */,
			);
			sourceTree = "<group>";
		};
		390F4AC821A7CF2600CDA2B9 /* Products */ = {
			isa = PBXGroup;
			children = (
				390F4AC721A7CF2600CDA2B9 /* solder_ios.app */,
				390F4ADB21A7CF2800CDA2B9 /* solder_iosTests.xctest */,
				390F4AE621A7CF2800CDA2B9 /* solder_iosUITests.xctest */,
			);
			name = Products;
			sourceTree = "<group>";
		};
		390F4AC921A7CF2600CDA2B9 /* solder_ios */ = {
			isa = PBXGroup;
			children = (
				390F4ACA21A7CF2600CDA2B9 /* AppDelegate.swift */,
				390F4ACC21A7CF2600CDA2B9 /* ViewController.swift */,
				390F4ACE21A7CF2600CDA2B9 /* Main.storyboard */,
				390F4AD121A7CF2800CDA2B9 /* Assets.xcassets */,
				390F4AD321A7CF2800CDA2B9 /* LaunchScreen.storyboard */,
				390F4AD621A7CF2800CDA2B9 /* Info.plist */,
			);
			path = solder_ios;
			sourceTree = "<group>";
		};
		390F4ADE21A7CF2800CDA2B9 /* solder_iosTests */ = {
			isa = PBXGroup;
			children = (
				390F4ADF21A7CF2800CDA2B9 /* solder_iosTests.swift */,
				390F4AE121A7CF2800CDA2B9 /* Info.plist */,
			);
			path = solder_iosTests;
			sourceTree = "<group>";
		};
		390F4AE921A7CF2800CDA2B9 /* solder_iosUITests */ = {
			isa = PBXGroup;
			children = (
				390F4AEA21A7CF2800CDA2B9 /* solder_iosUITests.swift */,
				390F4AEC21A7CF2800CDA2B9 /* Info.plist */,
			);
			path = solder_iosUITests;
			sourceTree = "<group>";
		};
/* End PBXGroup section */

/* Begin PBXNativeTarget section */
		390F4AC621A7CF2600CDA2B9 /* solder_ios */ = {
			isa = PBXNativeTarget;
			buildConfigurationList = 390F4AEF21A7CF2800CDA2B9 /* Build configuration list for PBXNativeTarget "solder_ios" */;
			buildPhases = (
				390F4AC321A7CF2600CDA2B9 /* Sources */,
				390F4AC421A7CF2600CDA2B9 /* Frameworks */,
				390F4AC521A7CF2600CDA2B9 /* Resources */,
			);
			buildRules = (
			);
			dependencies = (
			);
			name = solder_ios;
			productName = solder_ios;
			productReference = 390F4AC721A7CF2600CDA2B9 /* solder_ios.app */;
			productType = "com.apple.product-type.application";
		};
		390F4ADA21A7CF2800CDA2B9 /* solder_iosTests */ = {
			isa = PBXNativeTarget;
			buildConfigurationList = 390F4AF221A7CF2800CDA2B9 /* Build configuration list for PBXNativeTarget "solder_iosTests" */;
			buildPhases = (
				390F4AD721A7CF2800CDA2B9 /* Sources */,
				390F4AD821A7CF2800CDA2B9 /* Frameworks */,
				390F4AD921A7CF2800CDA2B9 /* Resources */,
			);
			buildRules = (
			);
			dependencies = (
				390F4ADD21A7CF2800CDA2B9 /* PBXTargetDependency */,
			);
			name = solder_iosTests;
			productName = solder_iosTests;
			productReference = 390F4ADB21A7CF2800CDA2B9 /* solder_iosTests.xctest */;
			productType = "com.apple.product-type.bundle.unit-test";
		};
		390F4AE521A7CF2800CDA2B9 /* solder_iosUITests */ = {
			isa = PBXNativeTarget;
			buildConfigurationList = 390F4AF521A7CF2800CDA2B9 /* Build configuration list for PBXNativeTarget "solder_iosUITests" */;
			buildPhases = (
				390F4AE221A7CF2800CDA2B9 /* Sources */,
				390F4AE321A7CF2800CDA2B9 /* Frameworks */,
				390F4AE421A7CF2800CDA2B9 /* Resources */,
			);
			buildRules = (
			);
			dependencies = (
				390F4AE821A7CF2800CDA2B9 /* PBXTargetDependency */,
			);
			name = solder_iosUITests;
			productName = solder_iosUITests;
			productReference = 390F4AE621A7CF2800CDA2B9 /* solder_iosUITests.xctest */;
			productType = "com.apple.product-type.bundle.ui-testing";
		};
/* End PBXNativeTarget section */

/* Begin PBXProject section */
		390F4ABF21A7CF2600CDA2B9 /* Project object */ = {
			isa = PBXProject;
			attributes = {
				LastSwiftUpdateCheck = 1010;
				LastUpgradeCheck = 1010;
				ORGANIZATIONNAME = "Venkatachalapathy Dhanakotti (Digital)";
				TargetAttributes = {
					390F4AC621A7CF2600CDA2B9 = {
						CreatedOnToolsVersion = 10.1;
					};
					390F4ADA21A7CF2800CDA2B9 = {
						CreatedOnToolsVersion = 10.1;
						TestTargetID = 390F4AC621A7CF2600CDA2B9;
					};
					390F4AE521A7CF2800CDA2B9 = {
						CreatedOnToolsVersion = 10.1;
						TestTargetID = 390F4AC621A7CF2600CDA2B9;
					};
				};
			};
			buildConfigurationList = 390F4AC221A7CF2600CDA2B9 /* Build configuration list for PBXProject "solder_ios" */;
			compatibilityVersion = "Xcode 9.3";
			developmentRegion = en;
			hasScannedForEncodings = 0;
			knownRegions = (
				en,
				Base,
			);
			mainGroup = 390F4ABE21A7CF2600CDA2B9;
			productRefGroup = 390F4AC821A7CF2600CDA2B9 /* Products */;
			projectDirPath = "";
			projectRoot = "";
			targets = (
				390F4AC621A7CF2600CDA2B9 /* solder_ios */,
				390F4ADA21A7CF2800CDA2B9 /* solder_iosTests */,
				390F4AE521A7CF2800CDA2B9 /* solder_iosUITests */,
			);
		};
/* End PBXProject section */

/* Begin PBXResourcesBuildPhase section */
		390F4AC521A7CF2600CDA2B9 /* Resources */ = {
			isa = PBXResourcesBuildPhase;
			buildActionMask = 2147483647;
			files = (
				390F4AD521A7CF2800CDA2B9 /* LaunchScreen.storyboard in Resources */,
				390F4AD221A7CF2800CDA2B9 /* Assets.xcassets in Resources */,
				390F4AD021A7CF2600CDA2B9 /* Main.storyboard in Resources */,
			);
			runOnlyForDeploymentPostprocessing = 0;
		};
		390F4AD921A7CF2800CDA2B9 /* Resources */ = {
			isa = PBXResourcesBuildPhase;
			buildActionMask = 2147483647;
			files = (
			);
			runOnlyForDeploymentPostprocessing = 0;
		};
		390F4AE421A7CF2800CDA2B9 /* Resources */ = {
			isa = PBXResourcesBuildPhase;
			buildActionMask = 2147483647;
			files = (
			);
			runOnlyForDeploymentPostprocessing = 0;
		};
/* End PBXResourcesBuildPhase section */

/* Begin PBXSourcesBuildPhase section */
		390F4AC321A7CF2600CDA2B9 /* Sources */ = {
			isa = PBXSourcesBuildPhase;
			buildActionMask = 2147483647;
			files = (
				390F4ACD21A7CF2600CDA2B9 /* ViewController.swift in Sources */,
				390F4ACB21A7CF2600CDA2B9 /* AppDelegate.swift in Sources */,
			);
			runOnlyForDeploymentPostprocessing = 0;
		};
		390F4AD721A7CF2800CDA2B9 /* Sources */ = {
			isa = PBXSourcesBuildPhase;
			buildActionMask = 2147483647;
			files = (
				390F4AE021A7CF2800CDA2B9 /* solder_iosTests.swift in Sources */,
			);
			runOnlyForDeploymentPostprocessing = 0;
		};
		390F4AE221A7CF2800CDA2B9 /* Sources */ = {
			isa = PBXSourcesBuildPhase;
			buildActionMask = 2147483647;
			files = (
				390F4AEB21A7CF2800CDA2B9 /* solder_iosUITests.swift in Sources */,
			);
			runOnlyForDeploymentPostprocessing = 0;
		};
/* End PBXSourcesBuildPhase section */

/* Begin PBXTargetDependency section */
		390F4ADD21A7CF2800CDA2B9 /* PBXTargetDependency */ = {
			isa = PBXTargetDependency;
			target = 390F4AC621A7CF2600CDA2B9 /* solder_ios */;
			targetProxy = 390F4ADC21A7CF2800CDA2B9 /* PBXContainerItemProxy */;
		};
		390F4AE821A7CF2800CDA2B9 /* PBXTargetDependency */ = {
			isa = PBXTargetDependency;
			target = 390F4AC621A7CF2600CDA2B9 /* solder_ios */;
			targetProxy = 390F4AE721A7CF2800CDA2B9 /* PBXContainerItemProxy */;
		};
/* End PBXTargetDependency section */

/* Begin PBXVariantGroup section */
		390F4ACE21A7CF2600CDA2B9 /* Main.storyboard */ = {
			isa = PBXVariantGroup;
			children = (
				390F4ACF21A7CF2600CDA2B9 /* Base */,
			);
			name = Main.storyboard;
			sourceTree = "<group>";
		};
		390F4AD321A7CF2800CDA2B9 /* LaunchScreen.storyboard */ = {
			isa = PBXVariantGroup;
			children = (
				390F4AD421A7CF2800CDA2B9 /* Base */,
			);
			name = LaunchScreen.storyboard;
			sourceTree = "<group>";
		};
/* End PBXVariantGroup section */

/* Begin XCBuildConfiguration section */
		390F4AED21A7CF2800CDA2B9 /* Debug */ = {
			isa = XCBuildConfiguration;
			buildSettings = {
				ALWAYS_SEARCH_USER_PATHS = NO;
				CLANG_ANALYZER_NONNULL = YES;
				CLANG_ANALYZER_NUMBER_OBJECT_CONVERSION = YES_AGGRESSIVE;
				CLANG_CXX_LANGUAGE_STANDARD = "gnu++14";
				CLANG_CXX_LIBRARY = "libc++";
				CLANG_ENABLE_MODULES = YES;
				CLANG_ENABLE_OBJC_ARC = YES;
				CLANG_ENABLE_OBJC_WEAK = YES;
				CLANG_WARN_BLOCK_CAPTURE_AUTORELEASING = YES;
				CLANG_WARN_BOOL_CONVERSION = YES;
				CLANG_WARN_COMMA = YES;
				CLANG_WARN_CONSTANT_CONVERSION = YES;
				CLANG_WARN_DEPRECATED_OBJC_IMPLEMENTATIONS = YES;
				CLANG_WARN_DIRECT_OBJC_ISA_USAGE = YES_ERROR;
				CLANG_WARN_DOCUMENTATION_COMMENTS = YES;
				CLANG_WARN_EMPTY_BODY = YES;
				CLANG_WARN_ENUM_CONVERSION = YES;
				CLANG_WARN_INFINITE_RECURSION = YES;
				CLANG_WARN_INT_CONVERSION = YES;
				CLANG_WARN_NON_LITERAL_NULL_CONVERSION = YES;
				CLANG_WARN_OBJC_IMPLICIT_RETAIN_SELF = YES;
				CLANG_WARN_OBJC_LITERAL_CONVERSION = YES;
				CLANG_WARN_OBJC_ROOT_CLASS = YES_ERROR;
				CLANG_WARN_RANGE_LOOP_ANALYSIS = YES;
				CLANG_WARN_STRICT_PROTOTYPES = YES;
				CLANG_WARN_SUSPICIOUS_MOVE = YES;
				CLANG_WARN_UNGUARDED_AVAILABILITY = YES_AGGRESSIVE;
				CLANG_WARN_UNREACHABLE_CODE = YES;
				CLANG_WARN__DUPLICATE_METHOD_MATCH = YES;
				CODE_SIGN_IDENTITY = "iPhone Developer";
				COPY_PHASE_STRIP = NO;
				DEBUG_INFORMATION_FORMAT = dwarf;
				ENABLE_STRICT_OBJC_MSGSEND = YES;
				ENABLE_TESTABILITY = YES;
				GCC_C_LANGUAGE_STANDARD = gnu11;
				GCC_DYNAMIC_NO_PIC = NO;
				GCC_NO_COMMON_BLOCKS = YES;
				GCC_OPTIMIZATION_LEVEL = 0;
				GCC_PREPROCESSOR_DEFINITIONS = (
					"DEBUG=1",
					"$(inherited)",
				);
				GCC_WARN_64_TO_32_BIT_CONVERSION = YES;
				GCC_WARN_ABOUT_RETURN_TYPE = YES_ERROR;
				GCC_WARN_UNDECLARED_SELECTOR = YES;
				GCC_WARN_UNINITIALIZED_AUTOS = YES_AGGRESSIVE;
				GCC_WARN_UNUSED_FUNCTION = YES;
				GCC_WARN_UNUSED_VARIABLE = YES;
				IPHONEOS_DEPLOYMENT_TARGET = 12.1;
				MTL_ENABLE_DEBUG_INFO = INCLUDE_SOURCE;
				MTL_FAST_MATH = YES;
				ONLY_ACTIVE_ARCH = YES;
				SDKROOT = iphoneos;
				SWIFT_ACTIVE_COMPILATION_CONDITIONS = DEBUG;
				SWIFT_OPTIMIZATION_LEVEL = "-Onone";
			};
			name = Debug;
		};
		390F4AEE21A7CF2800CDA2B9 /* Release */ = {
			isa = XCBuildConfiguration;
			buildSettings = {
				ALWAYS_SEARCH_USER_PATHS = NO;
				CLANG_ANALYZER_NONNULL = YES;
				CLANG_ANALYZER_NUMBER_OBJECT_CONVERSION = YES_AGGRESSIVE;
				CLANG_CXX_LANGUAGE_STANDARD = "gnu++14";
				CLANG_CXX_LIBRARY = "libc++";
				CLANG_ENABLE_MODULES = YES;
				CLANG_ENABLE_OBJC_ARC = YES;
				CLANG_ENABLE_OBJC_WEAK = YES;
				CLANG_WARN_BLOCK_CAPTURE_AUTORELEASING = YES;
				CLANG_WARN_BOOL_CONVERSION = YES;
				CLANG_WARN_COMMA = YES;
				CLANG_WARN_CONSTANT_CONVERSION = YES;
				CLANG_WARN_DEPRECATED_OBJC_IMPLEMENTATIONS = YES;
				CLANG_WARN_DIRECT_OBJC_ISA_USAGE = YES_ERROR;
				CLANG_WARN_DOCUMENTATION_COMMENTS = YES;
				CLANG_WARN_EMPTY_BODY = YES;
				CLANG_WARN_ENUM_CONVERSION = YES;
				CLANG_WARN_INFINITE_RECURSION = YES;
				CLANG_WARN_INT_CONVERSION = YES;
				CLANG_WARN_NON_LITERAL_NULL_CONVERSION = YES;
				CLANG_WARN_OBJC_IMPLICIT_RETAIN_SELF = YES;
				CLANG_WARN_OBJC_LITERAL_CONVERSION = YES;
				CLANG_WARN_OBJC_ROOT_CLASS = YES_ERROR;
				CLANG_WARN_RANGE_LOOP_ANALYSIS = YES;
				CLANG_WARN_STRICT_PROTOTYPES = YES;
				CLANG_WARN_SUSPICIOUS_MOVE = YES;
				CLANG_WARN_UNGUARDED_AVAILABILITY = YES_AGGRESSIVE;
				CLANG_WARN_UNREACHABLE_CODE = YES;
				CLANG_WARN__DUPLICATE_METHOD_MATCH = YES;
				CODE_SIGN_IDENTITY = "iPhone Developer";
				COPY_PHASE_STRIP = NO;
				DEBUG_INFORMATION_FORMAT = "dwarf-with-dsym";
				ENABLE_NS_ASSERTIONS = NO;
				ENABLE_STRICT_OBJC_MSGSEND = YES;
				GCC_C_LANGUAGE_STANDARD = gnu11;
				GCC_NO_COMMON_BLOCKS = YES;
				GCC_WARN_64_TO_32_BIT_CONVERSION = YES;
				GCC_WARN_ABOUT_RETURN_TYPE = YES_ERROR;
				GCC_WARN_UNDECLARED_SELECTOR = YES;
				GCC_WARN_UNINITIALIZED_AUTOS = YES_AGGRESSIVE;
				GCC_WARN_UNUSED_FUNCTION = YES;
				GCC_WARN_UNUSED_VARIABLE = YES;
				IPHONEOS_DEPLOYMENT_TARGET = 12.1;
				MTL_ENABLE_DEBUG_INFO = NO;
				MTL_FAST_MATH = YES;
				SDKROOT = iphoneos;
				SWIFT_COMPILATION_MODE = wholemodule;
				SWIFT_OPTIMIZATION_LEVEL = "-O";
				VALIDATE_PRODUCT = YES;
			};
			name = Release;
		};
		390F4AF021A7CF2800CDA2B9 /* Debug */ = {
			isa = XCBuildConfiguration;
			buildSettings = {
				ASSETCATALOG_COMPILER_APPICON_NAME = AppIcon;
				CODE_SIGN_STYLE = Automatic;
				INFOPLIST_FILE = solder_ios/Info.plist;
				LD_RUNPATH_SEARCH_PATHS = (
					"$(inherited)",
					"@executable_path/Frameworks",
				);
				PRODUCT_BUNDLE_IDENTIFIER = "buildit.solder-ios";
				PRODUCT_NAME = "$(TARGET_NAME)";
				SWIFT_VERSION = 4.2;
				TARGETED_DEVICE_FAMILY = "1,2";
			};
			name = Debug;
		};
		390F4AF121A7CF2800CDA2B9 /* Release */ = {
			isa = XCBuildConfiguration;
			buildSettings = {
				ASSETCATALOG_COMPILER_APPICON_NAME = AppIcon;
				CODE_SIGN_STYLE = Automatic;
				INFOPLIST_FILE = solder_ios/Info.plist;
				LD_RUNPATH_SEARCH_PATHS = (
					"$(inherited)",
					"@executable_path/Frameworks",
				);
				PRODUCT_BUNDLE_IDENTIFIER = "buildit.solder-ios";
				PRODUCT_NAME = "$(TARGET_NAME)";
				SWIFT_VERSION = 4.2;
				TARGETED_DEVICE_FAMILY = "1,2";
			};
			name = Release;
		};
		390F4AF321A7CF2800CDA2B9 /* Debug */ = {
			isa = XCBuildConfiguration;
			buildSettings = {
				ALWAYS_EMBED_SWIFT_STANDARD_LIBRARIES = YES;
				BUNDLE_LOADER = "$(TEST_HOST)";
				CODE_SIGN_STYLE = Automatic;
				INFOPLIST_FILE = solder_iosTests/Info.plist;
				LD_RUNPATH_SEARCH_PATHS = (
					"$(inherited)",
					"@executable_path/Frameworks",
					"@loader_path/Frameworks",
				);
				PRODUCT_BUNDLE_IDENTIFIER = "buildit.solder-iosTests";
				PRODUCT_NAME = "$(TARGET_NAME)";
				SWIFT_VERSION = 4.2;
				TARGETED_DEVICE_FAMILY = "1,2";
				TEST_HOST = "$(BUILT_PRODUCTS_DIR)/solder_ios.app/solder_ios";
			};
			name = Debug;
		};
		390F4AF421A7CF2800CDA2B9 /* Release */ = {
			isa = XCBuildConfiguration;
			buildSettings = {
				ALWAYS_EMBED_SWIFT_STANDARD_LIBRARIES = YES;
				BUNDLE_LOADER = "$(TEST_HOST)";
				CODE_SIGN_STYLE = Automatic;
				INFOPLIST_FILE = solder_iosTests/Info.plist;
				LD_RUNPATH_SEARCH_PATHS = (
					"$(inherited)",
					"@executable_path/Frameworks",
					"@loader_path/Frameworks",
				);
				PRODUCT_BUNDLE_IDENTIFIER = "buildit.solder-iosTests";
				PRODUCT_NAME = "$(TARGET_NAME)";
				SWIFT_VERSION = 4.2;
				TARGETED_DEVICE_FAMILY = "1,2";
				TEST_HOST = "$(BUILT_PRODUCTS_DIR)/solder_ios.app/solder_ios";
			};
			name = Release;
		};
		390F4AF621A7CF2800CDA2B9 /* Debug */ = {
			isa = XCBuildConfiguration;
			buildSettings = {
				ALWAYS_EMBED_SWIFT_STANDARD_LIBRARIES = YES;
				CODE_SIGN_STYLE = Automatic;
				INFOPLIST_FILE = solder_iosUITests/Info.plist;
				LD_RUNPATH_SEARCH_PATHS = (
					"$(inherited)",
					"@executable_path/Frameworks",
					"@loader_path/Frameworks",
				);
				PRODUCT_BUNDLE_IDENTIFIER = "buildit.solder-iosUITests";
				PRODUCT_NAME = "$(TARGET_NAME)";
				SWIFT_VERSION = 4.2;
				TARGETED_DEVICE_FAMILY = "1,2";
				TEST_TARGET_NAME = solder_ios;
			};
			name = Debug;
		};
		390F4AF721A7CF2800CDA2B9 /* Release */ = {
			isa = XCBuildConfiguration;
			buildSettings = {
				ALWAYS_EMBED_SWIFT_STANDARD_LIBRARIES = YES;
				CODE_SIGN_STYLE = Automatic;
				INFOPLIST_FILE = solder_iosUITests/Info.plist;
				LD_RUNPATH_SEARCH_PATHS = (
					"$(inherited)",
					"@executable_path/Frameworks",
					"@loader_path/Frameworks",
				);
				PRODUCT_BUNDLE_IDENTIFIER = "buildit.solder-iosUITests";
				PRODUCT_NAME = "$(TARGET_NAME)";
				SWIFT_VERSION = 4.2;
				TARGETED_DEVICE_FAMILY = "1,2";
				TEST_TARGET_NAME = solder_ios;
			};
			name = Release;
		};
/* End XCBuildConfiguration section */

/* Begin XCConfigurationList section */
		390F4AC221A7CF2600CDA2B9 /* Build configuration list for PBXProject "solder_ios" */ = {
			isa = XCConfigurationList;
			buildConfigurations = (
				390F4AED21A7CF2800CDA2B9 /* Debug */,
				390F4AEE21A7CF2800CDA2B9 /* Release */,
			);
			defaultConfigurationIsVisible = 0;
			defaultConfigurationName = Release;
		};
		390F4AEF21A7CF2800CDA2B9 /* Build configuration list for PBXNativeTarget "solder_ios" */ = {
			isa = XCConfigurationList;
			buildConfigurations = (
				390F4AF021A7CF2800CDA2B9 /* Debug */,
				390F4AF121A7CF2800CDA2B9 /* Release */,
			);
			defaultConfigurationIsVisible = 0;
			defaultConfigurationName = Release;
		};
		390F4AF221A7CF2800CDA2B9 /* Build configuration list for PBXNativeTarget "solder_iosTests" */ = {
			isa = XCConfigurationList;
			buildConfigurations = (
				390F4AF321A7CF2800CDA2B9 /* Debug */,
				390F4AF421A7CF2800CDA2B9 /* Release */,
			);
			defaultConfigurationIsVisible = 0;
			defaultConfigurationName = Release;
		};
		390F4AF521A7CF2800CDA2B9 /* Build configuration list for PBXNativeTarget "solder_iosUITests" */ = {
			isa = XCConfigurationList;
			buildConfigurations = (
				390F4AF621A7CF2800CDA2B9 /* Debug */,
				390F4AF721A7CF2800CDA2B9 /* Release */,
			);
			defaultConfigurationIsVisible = 0;
			defaultConfigurationName = Release;
		};
/* End XCConfigurationList section */
	};
	rootObject = 390F4ABF21A7CF2600CDA2B9 /* Project object */;
}
